<Solution>
  <Folder Name="/Solution Items/">
    <File Path="Directory.Build.props" />
  </Folder>
  <Folder Name="/src/">
    <Project Path="SoundMate.API/SoundMate.Api.csproj" />
    <Project Path="SoundMate.Application/SoundMate.Application.csproj" />
    <Project Path="SoundMate.Domain/SoundMate.Domain.csproj" />
    <Project Path="SoundMate.Infrastructure/SoundMate.Infrastructure.csproj" />
  </Folder>
  <Folder Name="/test/">
    <Project Path="test/SoundMate.Domain.Tests/SoundMate.Domain.Tests.csproj" />
    <Project Path="test/SoundMate.Infrastructure.Tests/SoundMate.Infrastructure.Tests.csproj" />
  </Folder>
</Solution>
