<Solution>
  <Folder Name="/src/">
    <Project Path="SoundMate.API/SoundMate.Api.csproj" />
    <Project Path="SoundMate.Application/SoundMate.Application.csproj" />
    <Project Path="SoundMate.Domain/SoundMate.Domain.csproj" />
    <Project Path="SoundMate.Infrastructure/SoundMate.Infrastructure.csproj" />
  </Folder>
  <Folder Name="/test/" />
</Solution>
